
Microsoft Visual Studio Solution File, Format Version 12.00
# Visual Studio Version 17
VisualStudioVersion = 17.0.31903.59
MinimumVisualStudioVersion = 10.0.40219.1
Project("{2150E333-8FDC-42A3-9474-1A3956D46DE8}") = "Presentation", "Presentation", "{CBBB2FB4-6F5B-4887-8970-130FDF5F093F}"
EndProject
Project("{FAE04EC0-301F-11D3-BF4B-00C04F79EFBC}") = "WebApi", "Presentation\WebApi\WebApi.csproj", "{EFDFF59C-FFFE-4146-A08C-2B67CDEBF4D1}"
EndProject
Project("{FAE04EC0-301F-11D3-BF4B-00C04F79EFBC}") = "Domain", "Domain\Domain.csproj", "{B5804F44-83A6-414E-9CE3-99EE530DF609}"
EndProject
Project("{FAE04EC0-301F-11D3-BF4B-00C04F79EFBC}") = "Application", "Application\Application.csproj", "{87DBBD47-09BC-4B0D-B5CB-A7F67B159967}"
EndProject
Project("{FAE04EC0-301F-11D3-BF4B-00C04F79EFBC}") = "Repositories", "Presentation\Repositories\Repositories.csproj", "{D2B53FEA-AEA6-4F43-9783-532A33707FD5}"
EndProject
Global
	GlobalSection(SolutionConfigurationPlatforms) = preSolution
		Debug|Any CPU = Debug|Any CPU
		Release|Any CPU = Release|Any CPU
	EndGlobalSection
	GlobalSection(SolutionProperties) = preSolution
		HideSolutionNode = FALSE
	EndGlobalSection
	GlobalSection(ProjectConfigurationPlatforms) = postSolution
		{EFDFF59C-FFFE-4146-A08C-2B67CDEBF4D1}.Debug|Any CPU.ActiveCfg = Debug|Any CPU
		{EFDFF59C-FFFE-4146-A08C-2B67CDEBF4D1}.Debug|Any CPU.Build.0 = Debug|Any CPU
		{EFDFF59C-FFFE-4146-A08C-2B67CDEBF4D1}.Release|Any CPU.ActiveCfg = Release|Any CPU
		{EFDFF59C-FFFE-4146-A08C-2B67CDEBF4D1}.Release|Any CPU.Build.0 = Release|Any CPU
		{B5804F44-83A6-414E-9CE3-99EE530DF609}.Debug|Any CPU.ActiveCfg = Debug|Any CPU
		{B5804F44-83A6-414E-9CE3-99EE530DF609}.Debug|Any CPU.Build.0 = Debug|Any CPU
		{B5804F44-83A6-414E-9CE3-99EE530DF609}.Release|Any CPU.ActiveCfg = Release|Any CPU
		{B5804F44-83A6-414E-9CE3-99EE530DF609}.Release|Any CPU.Build.0 = Release|Any CPU
		{87DBBD47-09BC-4B0D-B5CB-A7F67B159967}.Debug|Any CPU.ActiveCfg = Debug|Any CPU
		{87DBBD47-09BC-4B0D-B5CB-A7F67B159967}.Debug|Any CPU.Build.0 = Debug|Any CPU
		{87DBBD47-09BC-4B0D-B5CB-A7F67B159967}.Release|Any CPU.ActiveCfg = Release|Any CPU
		{87DBBD47-09BC-4B0D-B5CB-A7F67B159967}.Release|Any CPU.Build.0 = Release|Any CPU
		{D2B53FEA-AEA6-4F43-9783-532A33707FD5}.Debug|Any CPU.ActiveCfg = Debug|Any CPU
		{D2B53FEA-AEA6-4F43-9783-532A33707FD5}.Debug|Any CPU.Build.0 = Debug|Any CPU
		{D2B53FEA-AEA6-4F43-9783-532A33707FD5}.Release|Any CPU.ActiveCfg = Release|Any CPU
		{D2B53FEA-AEA6-4F43-9783-532A33707FD5}.Release|Any CPU.Build.0 = Release|Any CPU
	EndGlobalSection
	GlobalSection(NestedProjects) = preSolution
		{EFDFF59C-FFFE-4146-A08C-2B67CDEBF4D1} = {CBBB2FB4-6F5B-4887-8970-130FDF5F093F}
		{D2B53FEA-AEA6-4F43-9783-532A33707FD5} = {CBBB2FB4-6F5B-4887-8970-130FDF5F093F}
	EndGlobalSection
EndGlobal
